
Microsoft Visual Studio Solution File, Format Version 12.00
# Visual Studio Version 17
VisualStudioVersion = 17.4.33122.133
MinimumVisualStudioVersion = 10.0.40219.1
Project("{9A19103F-16F7-4668-BE54-9A1E7A4F7556}") = "Homework 1", "Homework 1\Homework 1.csproj", "{4A7944EF-661E-4EAC-BA37-05EF18EC5B14}"
EndProject
Project("{9A19103F-16F7-4668-BE54-9A1E7A4F7556}") = "Homework 2", "Homework 2\Homework 2.csproj", "{652A04F1-C343-4374-803D-2C336AADE5CD}"
EndProject
Project("{9A19103F-16F7-4668-BE54-9A1E7A4F7556}") = "Homework 3", "Homework 3\Homework 3.csproj", "{EBB5732A-697D-4F1D-9521-24B5C728DAE5}"
EndProject
Project("{9A19103F-16F7-4668-BE54-9A1E7A4F7556}") = "Homework 4", "Homework 4\Homework 4.csproj", "{27DBB393-B6DC-4D72-AD9C-C2008F3940EC}"
EndProject
Project("{9A19103F-16F7-4668-BE54-9A1E7A4F7556}") = "Homework 5", "Homework 5\Homework 5.csproj", "{6B4E848A-0471-4C2A-9A96-4CD32D0A06D2}"
EndProject
Project("{9A19103F-16F7-4668-BE54-9A1E7A4F7556}") = "Homework 6", "Homework 6\Homework 6.csproj", "{09A23D0F-EBE4-4256-ADA7-689D1C6AF44F}"
EndProject
Project("{9A19103F-16F7-4668-BE54-9A1E7A4F7556}") = "Homework_2023_10_14", "Homework_2023_10_14\Homework_2023_10_14.csproj", "{C3137701-2C29-4FF0-B772-07A8988BEAB1}"
EndProject
Project("{9A19103F-16F7-4668-BE54-9A1E7A4F7556}") = "Homework_2023_09_07", "Homework_2023_09_07\Homework_2023_09_07.csproj", "{2F1A74CF-AA83-4095-9172-C97AE8FE8793}"
EndProject
Global
	GlobalSection(SolutionConfigurationPlatforms) = preSolution
		Debug|Any CPU = Debug|Any CPU
		Release|Any CPU = Release|Any CPU
	EndGlobalSection
	GlobalSection(ProjectConfigurationPlatforms) = postSolution
		{4A7944EF-661E-4EAC-BA37-05EF18EC5B14}.Debug|Any CPU.ActiveCfg = Debug|Any CPU
		{4A7944EF-661E-4EAC-BA37-05EF18EC5B14}.Debug|Any CPU.Build.0 = Debug|Any CPU
		{4A7944EF-661E-4EAC-BA37-05EF18EC5B14}.Release|Any CPU.ActiveCfg = Release|Any CPU
		{4A7944EF-661E-4EAC-BA37-05EF18EC5B14}.Release|Any CPU.Build.0 = Release|Any CPU
		{652A04F1-C343-4374-803D-2C336AADE5CD}.Debug|Any CPU.ActiveCfg = Debug|Any CPU
		{652A04F1-C343-4374-803D-2C336AADE5CD}.Debug|Any CPU.Build.0 = Debug|Any CPU
		{652A04F1-C343-4374-803D-2C336AADE5CD}.Release|Any CPU.ActiveCfg = Release|Any CPU
		{652A04F1-C343-4374-803D-2C336AADE5CD}.Release|Any CPU.Build.0 = Release|Any CPU
		{EBB5732A-697D-4F1D-9521-24B5C728DAE5}.Debug|Any CPU.ActiveCfg = Debug|Any CPU
		{EBB5732A-697D-4F1D-9521-24B5C728DAE5}.Debug|Any CPU.Build.0 = Debug|Any CPU
		{EBB5732A-697D-4F1D-9521-24B5C728DAE5}.Release|Any CPU.ActiveCfg = Release|Any CPU
		{EBB5732A-697D-4F1D-9521-24B5C728DAE5}.Release|Any CPU.Build.0 = Release|Any CPU
		{27DBB393-B6DC-4D72-AD9C-C2008F3940EC}.Debug|Any CPU.ActiveCfg = Debug|Any CPU
		{27DBB393-B6DC-4D72-AD9C-C2008F3940EC}.Debug|Any CPU.Build.0 = Debug|Any CPU
		{27DBB393-B6DC-4D72-AD9C-C2008F3940EC}.Release|Any CPU.ActiveCfg = Release|Any CPU
		{27DBB393-B6DC-4D72-AD9C-C2008F3940EC}.Release|Any CPU.Build.0 = Release|Any CPU
		{6B4E848A-0471-4C2A-9A96-4CD32D0A06D2}.Debug|Any CPU.ActiveCfg = Debug|Any CPU
		{6B4E848A-0471-4C2A-9A96-4CD32D0A06D2}.Debug|Any CPU.Build.0 = Debug|Any CPU
		{6B4E848A-0471-4C2A-9A96-4CD32D0A06D2}.Release|Any CPU.ActiveCfg = Release|Any CPU
		{6B4E848A-0471-4C2A-9A96-4CD32D0A06D2}.Release|Any CPU.Build.0 = Release|Any CPU
		{09A23D0F-EBE4-4256-ADA7-689D1C6AF44F}.Debug|Any CPU.ActiveCfg = Debug|Any CPU
		{09A23D0F-EBE4-4256-ADA7-689D1C6AF44F}.Debug|Any CPU.Build.0 = Debug|Any CPU
		{09A23D0F-EBE4-4256-ADA7-689D1C6AF44F}.Release|Any CPU.ActiveCfg = Release|Any CPU
		{09A23D0F-EBE4-4256-ADA7-689D1C6AF44F}.Release|Any CPU.Build.0 = Release|Any CPU
		{C3137701-2C29-4FF0-B772-07A8988BEAB1}.Debug|Any CPU.ActiveCfg = Debug|Any CPU
		{C3137701-2C29-4FF0-B772-07A8988BEAB1}.Debug|Any CPU.Build.0 = Debug|Any CPU
		{C3137701-2C29-4FF0-B772-07A8988BEAB1}.Release|Any CPU.ActiveCfg = Release|Any CPU
		{C3137701-2C29-4FF0-B772-07A8988BEAB1}.Release|Any CPU.Build.0 = Release|Any CPU
		{2F1A74CF-AA83-4095-9172-C97AE8FE8793}.Debug|Any CPU.ActiveCfg = Debug|Any CPU
		{2F1A74CF-AA83-4095-9172-C97AE8FE8793}.Debug|Any CPU.Build.0 = Debug|Any CPU
		{2F1A74CF-AA83-4095-9172-C97AE8FE8793}.Release|Any CPU.ActiveCfg = Release|Any CPU
		{2F1A74CF-AA83-4095-9172-C97AE8FE8793}.Release|Any CPU.Build.0 = Release|Any CPU
	EndGlobalSection
	GlobalSection(SolutionProperties) = preSolution
		HideSolutionNode = FALSE
	EndGlobalSection
	GlobalSection(ExtensibilityGlobals) = postSolution
		SolutionGuid = {4008C2CC-D4DA-49C1-A585-6C3C9B4384F0}
	EndGlobalSection
EndGlobal
