
Microsoft Visual Studio Solution File, Format Version 12.00
# Visual Studio Version 17
VisualStudioVersion = 17.4.33122.133
MinimumVisualStudioVersion = 10.0.40219.1
Project("{9A19103F-16F7-4668-BE54-9A1E7A4F7556}") = "Classwork1", "Classwork1\Classwork1.csproj", "{EC9E69BE-EED6-4E81-BF5E-5F1CD7B3FEC1}"
EndProject
Project("{9A19103F-16F7-4668-BE54-9A1E7A4F7556}") = "Classwork2", "Classwork2\Classwork2.csproj", "{70A7ABA9-4E99-485B-99F8-1C1AECE7A258}"
EndProject
Project("{9A19103F-16F7-4668-BE54-9A1E7A4F7556}") = "Classwork 7", "Classwork 7\Classwork 7.csproj", "{242F95EE-DC10-42B0-BDA2-9C9B9FC27CF4}"
EndProject
Project("{FAE04EC0-301F-11D3-BF4B-00C04F79EFBC}") = "Classwork_2023_10_14", "Classwork_2023_10_14\Classwork_2023_10_14.csproj", "{4B19F74E-AB9B-43E5-B84C-0B9B222F0528}"
EndProject
Global
	GlobalSection(SolutionConfigurationPlatforms) = preSolution
		Debug|Any CPU = Debug|Any CPU
		Release|Any CPU = Release|Any CPU
	EndGlobalSection
	GlobalSection(ProjectConfigurationPlatforms) = postSolution
		{EC9E69BE-EED6-4E81-BF5E-5F1CD7B3FEC1}.Debug|Any CPU.ActiveCfg = Debug|Any CPU
		{EC9E69BE-EED6-4E81-BF5E-5F1CD7B3FEC1}.Debug|Any CPU.Build.0 = Debug|Any CPU
		{EC9E69BE-EED6-4E81-BF5E-5F1CD7B3FEC1}.Release|Any CPU.ActiveCfg = Release|Any CPU
		{EC9E69BE-EED6-4E81-BF5E-5F1CD7B3FEC1}.Release|Any CPU.Build.0 = Release|Any CPU
		{70A7ABA9-4E99-485B-99F8-1C1AECE7A258}.Debug|Any CPU.ActiveCfg = Debug|Any CPU
		{70A7ABA9-4E99-485B-99F8-1C1AECE7A258}.Debug|Any CPU.Build.0 = Debug|Any CPU
		{70A7ABA9-4E99-485B-99F8-1C1AECE7A258}.Release|Any CPU.ActiveCfg = Release|Any CPU
		{70A7ABA9-4E99-485B-99F8-1C1AECE7A258}.Release|Any CPU.Build.0 = Release|Any CPU
		{242F95EE-DC10-42B0-BDA2-9C9B9FC27CF4}.Debug|Any CPU.ActiveCfg = Debug|Any CPU
		{242F95EE-DC10-42B0-BDA2-9C9B9FC27CF4}.Debug|Any CPU.Build.0 = Debug|Any CPU
		{242F95EE-DC10-42B0-BDA2-9C9B9FC27CF4}.Release|Any CPU.ActiveCfg = Release|Any CPU
		{242F95EE-DC10-42B0-BDA2-9C9B9FC27CF4}.Release|Any CPU.Build.0 = Release|Any CPU
		{4B19F74E-AB9B-43E5-B84C-0B9B222F0528}.Debug|Any CPU.ActiveCfg = Debug|Any CPU
		{4B19F74E-AB9B-43E5-B84C-0B9B222F0528}.Debug|Any CPU.Build.0 = Debug|Any CPU
		{4B19F74E-AB9B-43E5-B84C-0B9B222F0528}.Release|Any CPU.ActiveCfg = Release|Any CPU
		{4B19F74E-AB9B-43E5-B84C-0B9B222F0528}.Release|Any CPU.Build.0 = Release|Any CPU
	EndGlobalSection
	GlobalSection(SolutionProperties) = preSolution
		HideSolutionNode = FALSE
	EndGlobalSection
	GlobalSection(ExtensibilityGlobals) = postSolution
		SolutionGuid = {688E7675-7908-4BF9-A11C-B11E109EDC23}
	EndGlobalSection
EndGlobal
